// !$*UTF8*$!
{
	archiveVersion = 1;
	classes = {
	};
	objectVersion = 55;
	objects = {

/* Begin PBXBuildFile section */
		C72E9131286BABD700698C04 /* WaterTracker.swift in Sources */ = {isa = PBXBuildFile; fileRef = C72E9130286BABD700698C04 /* WaterTracker.swift */; };
		C72E9133286BB3EC00698C04 /* Fasting.swift in Sources */ = {isa = PBXBuildFile; fileRef = C72E9132286BB3EC00698C04 /* Fasting.swift */; };
		C78B5A89286A644D007BC1AC /* WeightView.swift in Sources */ = {isa = PBXBuildFile; fileRef = C78B5A88286A644D007BC1AC /* WeightView.swift */; };
		C78FB48F286934940078CF39 /* WeightCapture.swift in Sources */ = {isa = PBXBuildFile; fileRef = C78FB48E286934940078CF39 /* WeightCapture.swift */; };
		C79C71C52871CF3000F2C979 /* 56866-your-food-order-have-been-scheduled.json in Resources */ = {isa = PBXBuildFile; fileRef = C79C71C42871CF3000F2C979 /* 56866-your-food-order-have-been-scheduled.json */; };
		C7A7262E28739AE7008B251A /* weight_scale.json in Resources */ = {isa = PBXBuildFile; fileRef = C7A7262D28739AE7008B251A /* weight_scale.json */; };
		C7A7263028739B6B008B251A /* weight_scale2.json in Resources */ = {isa = PBXBuildFile; fileRef = C7A7262F28739B6B008B251A /* weight_scale2.json */; };
		C7C5E84228525FA100879940 /* WeightMapperApp.swift in Sources */ = {isa = PBXBuildFile; fileRef = C7C5E84128525FA100879940 /* WeightMapperApp.swift */; };
		C7C5E84428525FA100879940 /* ContentView.swift in Sources */ = {isa = PBXBuildFile; fileRef = C7C5E84328525FA100879940 /* ContentView.swift */; };
		C7C5E84628525FA300879940 /* Assets.xcassets in Resources */ = {isa = PBXBuildFile; fileRef = C7C5E84528525FA300879940 /* Assets.xcassets */; };
		C7C5E84928525FA300879940 /* Preview Assets.xcassets in Resources */ = {isa = PBXBuildFile; fileRef = C7C5E84828525FA300879940 /* Preview Assets.xcassets */; };
		C7CC704C286FA7B200DD053A /* 9258-bouncing-fruits.json in Resources */ = {isa = PBXBuildFile; fileRef = C7CC704B286FA7B200DD053A /* 9258-bouncing-fruits.json */; };
		C7CC704E286FA7BE00DD053A /* 44425-glass-water.json in Resources */ = {isa = PBXBuildFile; fileRef = C7CC704D286FA7BE00DD053A /* 44425-glass-water.json */; };
		C7CC7050286FA7D800DD053A /* 72436-green-leafs-loader.json in Resources */ = {isa = PBXBuildFile; fileRef = C7CC704F286FA7D800DD053A /* 72436-green-leafs-loader.json */; };
		C7CC7054286FA7E900DD053A /* 84602-green-wave.json in Resources */ = {isa = PBXBuildFile; fileRef = C7CC7053286FA7E900DD053A /* 84602-green-wave.json */; };
		C7ED78D1286D0BE4005FA47E /* SwiftUICharts in Frameworks */ = {isa = PBXBuildFile; productRef = C7ED78D0286D0BE4005FA47E /* SwiftUICharts */; };
		C7ED78D4286D130F005FA47E /* Lottie in Frameworks */ = {isa = PBXBuildFile; productRef = C7ED78D3286D130F005FA47E /* Lottie */; };
		C7ED78DA286D15AC005FA47E /* 63272-walking-avocado.json in Resources */ = {isa = PBXBuildFile; fileRef = C7ED78D9286D15AC005FA47E /* 63272-walking-avocado.json */; };
		C7ED78DE286D164D005FA47E /* LottieView.swift in Sources */ = {isa = PBXBuildFile; fileRef = C7ED78DD286D164D005FA47E /* LottieView.swift */; };
/* End PBXBuildFile section */

/* Begin PBXFileReference section */
		C72E9130286BABD700698C04 /* WaterTracker.swift */ = {isa = PBXFileReference; lastKnownFileType = sourcecode.swift; path = WaterTracker.swift; sourceTree = "<group>"; };
		C72E9132286BB3EC00698C04 /* Fasting.swift */ = {isa = PBXFileReference; lastKnownFileType = sourcecode.swift; path = Fasting.swift; sourceTree = "<group>"; };
		C78B5A88286A644D007BC1AC /* WeightView.swift */ = {isa = PBXFileReference; lastKnownFileType = sourcecode.swift; path = WeightView.swift; sourceTree = "<group>"; };
		C78FB48E286934940078CF39 /* WeightCapture.swift */ = {isa = PBXFileReference; lastKnownFileType = sourcecode.swift; path = WeightCapture.swift; sourceTree = "<group>"; };
		C79C71C42871CF3000F2C979 /* 56866-your-food-order-have-been-scheduled.json */ = {isa = PBXFileReference; fileEncoding = 4; lastKnownFileType = text.json; name = "56866-your-food-order-have-been-scheduled.json"; path = "../../../../../.Trash/56866-your-food-order-have-been-scheduled.json"; sourceTree = "<group>"; };
		C7A7262D28739AE7008B251A /* weight_scale.json */ = {isa = PBXFileReference; fileEncoding = 4; lastKnownFileType = text.json; name = weight_scale.json; path = ../../../../../Downloads/weight_scale.json; sourceTree = "<group>"; };
		C7A7262F28739B6B008B251A /* weight_scale2.json */ = {isa = PBXFileReference; fileEncoding = 4; lastKnownFileType = text.json; name = weight_scale2.json; path = ../../../../../Downloads/weight_scale2.json; sourceTree = "<group>"; };
		C7C5E83E28525FA100879940 /* Clove.app */ = {isa = PBXFileReference; explicitFileType = wrapper.application; includeInIndex = 0; path = Clove.app; sourceTree = BUILT_PRODUCTS_DIR; };
		C7C5E84128525FA100879940 /* WeightMapperApp.swift */ = {isa = PBXFileReference; lastKnownFileType = sourcecode.swift; path = WeightMapperApp.swift; sourceTree = "<group>"; };
		C7C5E84328525FA100879940 /* ContentView.swift */ = {isa = PBXFileReference; lastKnownFileType = sourcecode.swift; path = ContentView.swift; sourceTree = "<group>"; };
		C7C5E84528525FA300879940 /* Assets.xcassets */ = {isa = PBXFileReference; lastKnownFileType = folder.assetcatalog; path = Assets.xcassets; sourceTree = "<group>"; };
		C7C5E84828525FA300879940 /* Preview Assets.xcassets */ = {isa = PBXFileReference; lastKnownFileType = folder.assetcatalog; path = "Preview Assets.xcassets"; sourceTree = "<group>"; };
		C7CC704B286FA7B200DD053A /* 9258-bouncing-fruits.json */ = {isa = PBXFileReference; fileEncoding = 4; lastKnownFileType = text.json; name = "9258-bouncing-fruits.json"; path = "../../../../../Downloads/9258-bouncing-fruits.json"; sourceTree = "<group>"; };
		C7CC704D286FA7BE00DD053A /* 44425-glass-water.json */ = {isa = PBXFileReference; fileEncoding = 4; lastKnownFileType = text.json; name = "44425-glass-water.json"; path = "../../../../../Downloads/44425-glass-water.json"; sourceTree = "<group>"; };
		C7CC704F286FA7D800DD053A /* 72436-green-leafs-loader.json */ = {isa = PBXFileReference; fileEncoding = 4; lastKnownFileType = text.json; name = "72436-green-leafs-loader.json"; path = "../../../../../Downloads/72436-green-leafs-loader.json"; sourceTree = "<group>"; };
		C7CC7053286FA7E900DD053A /* 84602-green-wave.json */ = {isa = PBXFileReference; fileEncoding = 4; lastKnownFileType = text.json; name = "84602-green-wave.json"; path = "../../../../../Downloads/84602-green-wave.json"; sourceTree = "<group>"; };
		C7ED78D9286D15AC005FA47E /* 63272-walking-avocado.json */ = {isa = PBXFileReference; fileEncoding = 4; lastKnownFileType = text.json; path = "63272-walking-avocado.json"; sourceTree = "<group>"; };
		C7ED78DD286D164D005FA47E /* LottieView.swift */ = {isa = PBXFileReference; lastKnownFileType = sourcecode.swift; path = LottieView.swift; sourceTree = "<group>"; };
/* End PBXFileReference section */

/* Begin PBXFrameworksBuildPhase section */
		C7C5E83B28525FA100879940 /* Frameworks */ = {
			isa = PBXFrameworksBuildPhase;
			buildActionMask = 2147483647;
			files = (
				C7ED78D1286D0BE4005FA47E /* SwiftUICharts in Frameworks */,
				C7ED78D4286D130F005FA47E /* Lottie in Frameworks */,
			);
			runOnlyForDeploymentPostprocessing = 0;
		};
/* End PBXFrameworksBuildPhase section */

/* Begin PBXGroup section */
		C7C5E83528525FA100879940 = {
			isa = PBXGroup;
			children = (
				C7C5E84028525FA100879940 /* Clove */,
				C7C5E83F28525FA100879940 /* Products */,
			);
			sourceTree = "<group>";
		};
		C7C5E83F28525FA100879940 /* Products */ = {
			isa = PBXGroup;
			children = (
				C7C5E83E28525FA100879940 /* Clove.app */,
			);
			name = Products;
			sourceTree = "<group>";
		};
		C7C5E84028525FA100879940 /* Clove */ = {
			isa = PBXGroup;
			children = (
				C7ED78D8286D14E9005FA47E /* Components */,
				C7ED78D7286D14DB005FA47E /* Lottie */,
				C7C5E84128525FA100879940 /* WeightMapperApp.swift */,
				C7C5E84328525FA100879940 /* ContentView.swift */,
				C7C5E84528525FA300879940 /* Assets.xcassets */,
				C7ED78D5286D14B4005FA47E /* Main Views */,
				C7ED78D6286D14CF005FA47E /* Sub Views */,
				C7C5E84728525FA300879940 /* Preview Content */,
			);
			path = Clove;
			sourceTree = "<group>";
		};
		C7C5E84728525FA300879940 /* Preview Content */ = {
			isa = PBXGroup;
			children = (
				C7C5E84828525FA300879940 /* Preview Assets.xcassets */,
			);
			path = "Preview Content";
			sourceTree = "<group>";
		};
		C7ED78D5286D14B4005FA47E /* Main Views */ = {
			isa = PBXGroup;
			children = (
				C78B5A88286A644D007BC1AC /* WeightView.swift */,
				C72E9130286BABD700698C04 /* WaterTracker.swift */,
				C72E9132286BB3EC00698C04 /* Fasting.swift */,
			);
			path = "Main Views";
			sourceTree = "<group>";
		};
		C7ED78D6286D14CF005FA47E /* Sub Views */ = {
			isa = PBXGroup;
			children = (
				C78FB48E286934940078CF39 /* WeightCapture.swift */,
			);
			path = "Sub Views";
			sourceTree = "<group>";
		};
		C7ED78D7286D14DB005FA47E /* Lottie */ = {
			isa = PBXGroup;
			children = (
				C7CC704B286FA7B200DD053A /* 9258-bouncing-fruits.json */,
				C7CC704D286FA7BE00DD053A /* 44425-glass-water.json */,
				C7A7262D28739AE7008B251A /* weight_scale.json */,
				C7A7262F28739B6B008B251A /* weight_scale2.json */,
				C79C71C42871CF3000F2C979 /* 56866-your-food-order-have-been-scheduled.json */,
				C7CC704F286FA7D800DD053A /* 72436-green-leafs-loader.json */,
				C7CC7053286FA7E900DD053A /* 84602-green-wave.json */,
				C7ED78D9286D15AC005FA47E /* 63272-walking-avocado.json */,
			);
			path = Lottie;
			sourceTree = "<group>";
		};
		C7ED78D8286D14E9005FA47E /* Components */ = {
			isa = PBXGroup;
			children = (
				C7ED78DD286D164D005FA47E /* LottieView.swift */,
			);
			path = Components;
			sourceTree = "<group>";
		};
/* End PBXGroup section */

/* Begin PBXNativeTarget section */
		C7C5E83D28525FA100879940 /* Clove */ = {
			isa = PBXNativeTarget;
			buildConfigurationList = C7C5E84C28525FA300879940 /* Build configuration list for PBXNativeTarget "Clove" */;
			buildPhases = (
				C7C5E83A28525FA100879940 /* Sources */,
				C7C5E83B28525FA100879940 /* Frameworks */,
				C7C5E83C28525FA100879940 /* Resources */,
			);
			buildRules = (
			);
			dependencies = (
			);
			name = Clove;
			packageProductDependencies = (
				C7ED78D0286D0BE4005FA47E /* SwiftUICharts */,
				C7ED78D3286D130F005FA47E /* Lottie */,
			);
			productName = WeightMapper;
			productReference = C7C5E83E28525FA100879940 /* Clove.app */;
			productType = "com.apple.product-type.application";
		};
/* End PBXNativeTarget section */

/* Begin PBXProject section */
		C7C5E83628525FA100879940 /* Project object */ = {
			isa = PBXProject;
			attributes = {
				BuildIndependentTargetsInParallel = 1;
				LastSwiftUpdateCheck = 1340;
				LastUpgradeCheck = 1340;
				TargetAttributes = {
					C7C5E83D28525FA100879940 = {
						CreatedOnToolsVersion = 13.4;
					};
				};
			};
			buildConfigurationList = C7C5E83928525FA100879940 /* Build configuration list for PBXProject "Clove" */;
			compatibilityVersion = "Xcode 13.0";
			developmentRegion = en;
			hasScannedForEncodings = 0;
			knownRegions = (
				en,
				Base,
			);
			mainGroup = C7C5E83528525FA100879940;
			packageReferences = (
				C7ED78CF286D0BE4005FA47E /* XCRemoteSwiftPackageReference "ChartView" */,
				C7ED78D2286D130F005FA47E /* XCRemoteSwiftPackageReference "lottie-ios" */,
			);
			productRefGroup = C7C5E83F28525FA100879940 /* Products */;
			projectDirPath = "";
			projectRoot = "";
			targets = (
				C7C5E83D28525FA100879940 /* Clove */,
			);
		};
/* End PBXProject section */

/* Begin PBXResourcesBuildPhase section */
		C7C5E83C28525FA100879940 /* Resources */ = {
			isa = PBXResourcesBuildPhase;
			buildActionMask = 2147483647;
			files = (
				C7C5E84928525FA300879940 /* Preview Assets.xcassets in Resources */,
				C7CC704C286FA7B200DD053A /* 9258-bouncing-fruits.json in Resources */,
				C79C71C52871CF3000F2C979 /* 56866-your-food-order-have-been-scheduled.json in Resources */,
				C7C5E84628525FA300879940 /* Assets.xcassets in Resources */,
				C7CC704E286FA7BE00DD053A /* 44425-glass-water.json in Resources */,
				C7A7263028739B6B008B251A /* weight_scale2.json in Resources */,
				C7ED78DA286D15AC005FA47E /* 63272-walking-avocado.json in Resources */,
				C7A7262E28739AE7008B251A /* weight_scale.json in Resources */,
				C7CC7050286FA7D800DD053A /* 72436-green-leafs-loader.json in Resources */,
				C7CC7054286FA7E900DD053A /* 84602-green-wave.json in Resources */,
			);
			runOnlyForDeploymentPostprocessing = 0;
		};
/* End PBXResourcesBuildPhase section */

/* Begin PBXSourcesBuildPhase section */
		C7C5E83A28525FA100879940 /* Sources */ = {
			isa = PBXSourcesBuildPhase;
			buildActionMask = 2147483647;
			files = (
				C7C5E84428525FA100879940 /* ContentView.swift in Sources */,
				C7C5E84228525FA100879940 /* WeightMapperApp.swift in Sources */,
				C72E9131286BABD700698C04 /* WaterTracker.swift in Sources */,
				C78B5A89286A644D007BC1AC /* WeightView.swift in Sources */,
				C7ED78DE286D164D005FA47E /* LottieView.swift in Sources */,
				C72E9133286BB3EC00698C04 /* Fasting.swift in Sources */,
				C78FB48F286934940078CF39 /* WeightCapture.swift in Sources */,
			);
			runOnlyForDeploymentPostprocessing = 0;
		};
/* End PBXSourcesBuildPhase section */

/* Begin XCBuildConfiguration section */
		C7C5E84A28525FA300879940 /* Debug */ = {
			isa = XCBuildConfiguration;
			buildSettings = {
				ALWAYS_SEARCH_USER_PATHS = NO;
				CLANG_ANALYZER_NONNULL = YES;
				CLANG_ANALYZER_NUMBER_OBJECT_CONVERSION = YES_AGGRESSIVE;
				CLANG_CXX_LANGUAGE_STANDARD = "gnu++17";
				CLANG_ENABLE_MODULES = YES;
				CLANG_ENABLE_OBJC_ARC = YES;
				CLANG_ENABLE_OBJC_WEAK = YES;
				CLANG_WARN_BLOCK_CAPTURE_AUTORELEASING = YES;
				CLANG_WARN_BOOL_CONVERSION = YES;
				CLANG_WARN_COMMA = YES;
				CLANG_WARN_CONSTANT_CONVERSION = YES;
				CLANG_WARN_DEPRECATED_OBJC_IMPLEMENTATIONS = YES;
				CLANG_WARN_DIRECT_OBJC_ISA_USAGE = YES_ERROR;
				CLANG_WARN_DOCUMENTATION_COMMENTS = YES;
				CLANG_WARN_EMPTY_BODY = YES;
				CLANG_WARN_ENUM_CONVERSION = YES;
				CLANG_WARN_INFINITE_RECURSION = YES;
				CLANG_WARN_INT_CONVERSION = YES;
				CLANG_WARN_NON_LITERAL_NULL_CONVERSION = YES;
				CLANG_WARN_OBJC_IMPLICIT_RETAIN_SELF = YES;
				CLANG_WARN_OBJC_LITERAL_CONVERSION = YES;
				CLANG_WARN_OBJC_ROOT_CLASS = YES_ERROR;
				CLANG_WARN_QUOTED_INCLUDE_IN_FRAMEWORK_HEADER = YES;
				CLANG_WARN_RANGE_LOOP_ANALYSIS = YES;
				CLANG_WARN_STRICT_PROTOTYPES = YES;
				CLANG_WARN_SUSPICIOUS_MOVE = YES;
				CLANG_WARN_UNGUARDED_AVAILABILITY = YES_AGGRESSIVE;
				CLANG_WARN_UNREACHABLE_CODE = YES;
				CLANG_WARN__DUPLICATE_METHOD_MATCH = YES;
				COPY_PHASE_STRIP = NO;
				DEBUG_INFORMATION_FORMAT = dwarf;
				ENABLE_STRICT_OBJC_MSGSEND = YES;
				ENABLE_TESTABILITY = YES;
				GCC_C_LANGUAGE_STANDARD = gnu11;
				GCC_DYNAMIC_NO_PIC = NO;
				GCC_NO_COMMON_BLOCKS = YES;
				GCC_OPTIMIZATION_LEVEL = 0;
				GCC_PREPROCESSOR_DEFINITIONS = (
					"DEBUG=1",
					"$(inherited)",
				);
				GCC_WARN_64_TO_32_BIT_CONVERSION = YES;
				GCC_WARN_ABOUT_RETURN_TYPE = YES_ERROR;
				GCC_WARN_UNDECLARED_SELECTOR = YES;
				GCC_WARN_UNINITIALIZED_AUTOS = YES_AGGRESSIVE;
				GCC_WARN_UNUSED_FUNCTION = YES;
				GCC_WARN_UNUSED_VARIABLE = YES;
				IPHONEOS_DEPLOYMENT_TARGET = 15.5;
				MTL_ENABLE_DEBUG_INFO = INCLUDE_SOURCE;
				MTL_FAST_MATH = YES;
				ONLY_ACTIVE_ARCH = YES;
				SDKROOT = iphoneos;
				SWIFT_ACTIVE_COMPILATION_CONDITIONS = DEBUG;
				SWIFT_OPTIMIZATION_LEVEL = "-Onone";
			};
			name = Debug;
		};
		C7C5E84B28525FA300879940 /* Release */ = {
			isa = XCBuildConfiguration;
			buildSettings = {
				ALWAYS_SEARCH_USER_PATHS = NO;
				CLANG_ANALYZER_NONNULL = YES;
				CLANG_ANALYZER_NUMBER_OBJECT_CONVERSION = YES_AGGRESSIVE;
				CLANG_CXX_LANGUAGE_STANDARD = "gnu++17";
				CLANG_ENABLE_MODULES = YES;
				CLANG_ENABLE_OBJC_ARC = YES;
				CLANG_ENABLE_OBJC_WEAK = YES;
				CLANG_WARN_BLOCK_CAPTURE_AUTORELEASING = YES;
				CLANG_WARN_BOOL_CONVERSION = YES;
				CLANG_WARN_COMMA = YES;
				CLANG_WARN_CONSTANT_CONVERSION = YES;
				CLANG_WARN_DEPRECATED_OBJC_IMPLEMENTATIONS = YES;
				CLANG_WARN_DIRECT_OBJC_ISA_USAGE = YES_ERROR;
				CLANG_WARN_DOCUMENTATION_COMMENTS = YES;
				CLANG_WARN_EMPTY_BODY = YES;
				CLANG_WARN_ENUM_CONVERSION = YES;
				CLANG_WARN_INFINITE_RECURSION = YES;
				CLANG_WARN_INT_CONVERSION = YES;
				CLANG_WARN_NON_LITERAL_NULL_CONVERSION = YES;
				CLANG_WARN_OBJC_IMPLICIT_RETAIN_SELF = YES;
				CLANG_WARN_OBJC_LITERAL_CONVERSION = YES;
				CLANG_WARN_OBJC_ROOT_CLASS = YES_ERROR;
				CLANG_WARN_QUOTED_INCLUDE_IN_FRAMEWORK_HEADER = YES;
				CLANG_WARN_RANGE_LOOP_ANALYSIS = YES;
				CLANG_WARN_STRICT_PROTOTYPES = YES;
				CLANG_WARN_SUSPICIOUS_MOVE = YES;
				CLANG_WARN_UNGUARDED_AVAILABILITY = YES_AGGRESSIVE;
				CLANG_WARN_UNREACHABLE_CODE = YES;
				CLANG_WARN__DUPLICATE_METHOD_MATCH = YES;
				COPY_PHASE_STRIP = NO;
				DEBUG_INFORMATION_FORMAT = "dwarf-with-dsym";
				ENABLE_NS_ASSERTIONS = NO;
				ENABLE_STRICT_OBJC_MSGSEND = YES;
				GCC_C_LANGUAGE_STANDARD = gnu11;
				GCC_NO_COMMON_BLOCKS = YES;
				GCC_WARN_64_TO_32_BIT_CONVERSION = YES;
				GCC_WARN_ABOUT_RETURN_TYPE = YES_ERROR;
				GCC_WARN_UNDECLARED_SELECTOR = YES;
				GCC_WARN_UNINITIALIZED_AUTOS = YES_AGGRESSIVE;
				GCC_WARN_UNUSED_FUNCTION = YES;
				GCC_WARN_UNUSED_VARIABLE = YES;
				IPHONEOS_DEPLOYMENT_TARGET = 15.5;
				MTL_ENABLE_DEBUG_INFO = NO;
				MTL_FAST_MATH = YES;
				SDKROOT = iphoneos;
				SWIFT_COMPILATION_MODE = wholemodule;
				SWIFT_OPTIMIZATION_LEVEL = "-O";
				VALIDATE_PRODUCT = YES;
			};
			name = Release;
		};
		C7C5E84D28525FA300879940 /* Debug */ = {
			isa = XCBuildConfiguration;
			buildSettings = {
				ASSETCATALOG_COMPILER_APPICON_NAME = AppIcon;
				ASSETCATALOG_COMPILER_GLOBAL_ACCENT_COLOR_NAME = AccentColor;
				CODE_SIGN_STYLE = Automatic;
				CURRENT_PROJECT_VERSION = 1;
				DEVELOPMENT_ASSET_PATHS = "\"Clove/Preview Content\"";
				DEVELOPMENT_TEAM = S6R55N8Z8S;
				ENABLE_PREVIEWS = YES;
				GENERATE_INFOPLIST_FILE = YES;
				INFOPLIST_KEY_UIApplicationSceneManifest_Generation = YES;
				INFOPLIST_KEY_UIApplicationSupportsIndirectInputEvents = YES;
				INFOPLIST_KEY_UILaunchScreen_Generation = YES;
				INFOPLIST_KEY_UISupportedInterfaceOrientations = UIInterfaceOrientationPortrait;
				INFOPLIST_KEY_UISupportedInterfaceOrientations_iPad = "UIInterfaceOrientationPortrait UIInterfaceOrientationPortraitUpsideDown UIInterfaceOrientationLandscapeLeft UIInterfaceOrientationLandscapeRight";
				INFOPLIST_KEY_UISupportedInterfaceOrientations_iPhone = "UIInterfaceOrientationPortrait UIInterfaceOrientationLandscapeLeft UIInterfaceOrientationLandscapeRight";
				LD_RUNPATH_SEARCH_PATHS = (
					"$(inherited)",
					"@executable_path/Frameworks",
				);
				MARKETING_VERSION = 1.0;
				PRODUCT_BUNDLE_IDENTIFIER = com.karteikaydhuper.Clove;
				PRODUCT_NAME = "$(TARGET_NAME)";
				SWIFT_EMIT_LOC_STRINGS = YES;
				SWIFT_VERSION = 5.0;
				TARGETED_DEVICE_FAMILY = "1,2";
			};
			name = Debug;
		};
		C7C5E84E28525FA300879940 /* Release */ = {
			isa = XCBuildConfiguration;
			buildSettings = {
				ASSETCATALOG_COMPILER_APPICON_NAME = AppIcon;
				ASSETCATALOG_COMPILER_GLOBAL_ACCENT_COLOR_NAME = AccentColor;
				CODE_SIGN_STYLE = Automatic;
				CURRENT_PROJECT_VERSION = 1;
				DEVELOPMENT_ASSET_PATHS = "\"Clove/Preview Content\"";
				DEVELOPMENT_TEAM = S6R55N8Z8S;
				ENABLE_PREVIEWS = YES;
				GENERATE_INFOPLIST_FILE = YES;
				INFOPLIST_KEY_UIApplicationSceneManifest_Generation = YES;
				INFOPLIST_KEY_UIApplicationSupportsIndirectInputEvents = YES;
				INFOPLIST_KEY_UILaunchScreen_Generation = YES;
				INFOPLIST_KEY_UISupportedInterfaceOrientations = UIInterfaceOrientationPortrait;
				INFOPLIST_KEY_UISupportedInterfaceOrientations_iPad = "UIInterfaceOrientationPortrait UIInterfaceOrientationPortraitUpsideDown UIInterfaceOrientationLandscapeLeft UIInterfaceOrientationLandscapeRight";
				INFOPLIST_KEY_UISupportedInterfaceOrientations_iPhone = "UIInterfaceOrientationPortrait UIInterfaceOrientationLandscapeLeft UIInterfaceOrientationLandscapeRight";
				LD_RUNPATH_SEARCH_PATHS = (
					"$(inherited)",
					"@executable_path/Frameworks",
				);
				MARKETING_VERSION = 1.0;
				PRODUCT_BUNDLE_IDENTIFIER = com.karteikaydhuper.Clove;
				PRODUCT_NAME = "$(TARGET_NAME)";
				SWIFT_EMIT_LOC_STRINGS = YES;
				SWIFT_VERSION = 5.0;
				TARGETED_DEVICE_FAMILY = "1,2";
			};
			name = Release;
		};
/* End XCBuildConfiguration section */

/* Begin XCConfigurationList section */
		C7C5E83928525FA100879940 /* Build configuration list for PBXProject "Clove" */ = {
			isa = XCConfigurationList;
			buildConfigurations = (
				C7C5E84A28525FA300879940 /* Debug */,
				C7C5E84B28525FA300879940 /* Release */,
			);
			defaultConfigurationIsVisible = 0;
			defaultConfigurationName = Release;
		};
		C7C5E84C28525FA300879940 /* Build configuration list for PBXNativeTarget "Clove" */ = {
			isa = XCConfigurationList;
			buildConfigurations = (
				C7C5E84D28525FA300879940 /* Debug */,
				C7C5E84E28525FA300879940 /* Release */,
			);
			defaultConfigurationIsVisible = 0;
			defaultConfigurationName = Release;
		};
/* End XCConfigurationList section */

/* Begin XCRemoteSwiftPackageReference section */
		C7ED78CF286D0BE4005FA47E /* XCRemoteSwiftPackageReference "ChartView" */ = {
			isa = XCRemoteSwiftPackageReference;
			repositoryURL = "https://github.com/AppPear/ChartView";
			requirement = {
				kind = upToNextMajorVersion;
				minimumVersion = 1.5.4;
			};
		};
		C7ED78D2286D130F005FA47E /* XCRemoteSwiftPackageReference "lottie-ios" */ = {
			isa = XCRemoteSwiftPackageReference;
			repositoryURL = "https://github.com/airbnb/lottie-ios.git";
			requirement = {
				kind = upToNextMajorVersion;
				minimumVersion = 3.0.0;
			};
		};
/* End XCRemoteSwiftPackageReference section */

/* Begin XCSwiftPackageProductDependency section */
		C7ED78D0286D0BE4005FA47E /* SwiftUICharts */ = {
			isa = XCSwiftPackageProductDependency;
			package = C7ED78CF286D0BE4005FA47E /* XCRemoteSwiftPackageReference "ChartView" */;
			productName = SwiftUICharts;
		};
		C7ED78D3286D130F005FA47E /* Lottie */ = {
			isa = XCSwiftPackageProductDependency;
			package = C7ED78D2286D130F005FA47E /* XCRemoteSwiftPackageReference "lottie-ios" */;
			productName = Lottie;
		};
/* End XCSwiftPackageProductDependency section */
	};
	rootObject = C7C5E83628525FA100879940 /* Project object */;
}
